
Microsoft Visual Studio Solution File, Format Version 12.00
# Visual Studio Version 17
VisualStudioVersion = 17.10.34916.146
MinimumVisualStudioVersion = 10.0.40219.1
Project("{FAE04EC0-301F-11D3-BF4B-00C04F79EFBC}") = "WPF_Ornek", "WPF_Ornek\WPF_Ornek.csproj", "{03E60685-8176-41F3-9426-EF21D88AB09E}"
EndProject
Global
	GlobalSection(SolutionConfigurationPlatforms) = preSolution
		Debug|Any CPU = Debug|Any CPU
		Release|Any CPU = Release|Any CPU
	EndGlobalSection
	GlobalSection(ProjectConfigurationPlatforms) = postSolution
		{03E60685-8176-41F3-9426-EF21D88AB09E}.Debug|Any CPU.ActiveCfg = Debug|Any CPU
		{03E60685-8176-41F3-9426-EF21D88AB09E}.Debug|Any CPU.Build.0 = Debug|Any CPU
		{03E60685-8176-41F3-9426-EF21D88AB09E}.Release|Any CPU.ActiveCfg = Release|Any CPU
		{03E60685-8176-41F3-9426-EF21D88AB09E}.Release|Any CPU.Build.0 = Release|Any CPU
	EndGlobalSection
	GlobalSection(SolutionProperties) = preSolution
		HideSolutionNode = FALSE
	EndGlobalSection
	GlobalSection(ExtensibilityGlobals) = postSolution
		SolutionGuid = {5B9CC0DF-BEBD-425C-BDDA-7CDE8698345B}
	EndGlobalSection
EndGlobal
